// !$*UTF8*$!
{
	archiveVersion = 1;
	classes = {
	};
	objectVersion = 46;
	objects = {

/* Begin PBXBuildFile section */
		84044E591F771D8A0017A839 /* DetailViewController.swift in Sources */ = {isa = PBXBuildFile; fileRef = 84044E581F771D8A0017A839 /* DetailViewController.swift */; };
		84044E5B1F7729890017A839 /* DataSource.swift in Sources */ = {isa = PBXBuildFile; fileRef = 84044E5A1F7729890017A839 /* DataSource.swift */; };
		8436FE9C1F76B804006EB6AE /* ToDoFetchedResultsController.swift in Sources */ = {isa = PBXBuildFile; fileRef = 8436FE9B1F76B804006EB6AE /* ToDoFetchedResultsController.swift */; };
		847D2FE41F732C1100978656 /* AddTaskController.swift in Sources */ = {isa = PBXBuildFile; fileRef = 847D2FE31F732C1100978656 /* AddTaskController.swift */; };
		84B9A0F11F731C9E00B1BA76 /* AppDelegate.swift in Sources */ = {isa = PBXBuildFile; fileRef = 84B9A0F01F731C9E00B1BA76 /* AppDelegate.swift */; };
		84B9A0F61F731C9E00B1BA76 /* Main.storyboard in Resources */ = {isa = PBXBuildFile; fileRef = 84B9A0F41F731C9E00B1BA76 /* Main.storyboard */; };
		84B9A0F91F731C9E00B1BA76 /* ToDoList.xcdatamodeld in Sources */ = {isa = PBXBuildFile; fileRef = 84B9A0F71F731C9E00B1BA76 /* ToDoList.xcdatamodeld */; };
		84B9A0FB1F731C9E00B1BA76 /* Assets.xcassets in Resources */ = {isa = PBXBuildFile; fileRef = 84B9A0FA1F731C9E00B1BA76 /* Assets.xcassets */; };
		84B9A0FE1F731C9E00B1BA76 /* LaunchScreen.storyboard in Resources */ = {isa = PBXBuildFile; fileRef = 84B9A0FC1F731C9E00B1BA76 /* LaunchScreen.storyboard */; };
		84B9A1091F731C9E00B1BA76 /* ToDoListTests.swift in Sources */ = {isa = PBXBuildFile; fileRef = 84B9A1081F731C9E00B1BA76 /* ToDoListTests.swift */; };
		84B9A1141F731C9F00B1BA76 /* ToDoListUITests.swift in Sources */ = {isa = PBXBuildFile; fileRef = 84B9A1131F731C9F00B1BA76 /* ToDoListUITests.swift */; };
		84B9A1251F731D2200B1BA76 /* CoreDataStack.swift in Sources */ = {isa = PBXBuildFile; fileRef = 84B9A1241F731D2200B1BA76 /* CoreDataStack.swift */; };
		84B9A1271F731F1300B1BA76 /* ToDoListController.swift in Sources */ = {isa = PBXBuildFile; fileRef = 84B9A1261F731F1300B1BA76 /* ToDoListController.swift */; };
		84F46EE11F756DE9008EF36D /* Item+CoreDataClass.swift in Sources */ = {isa = PBXBuildFile; fileRef = 84F46EDF1F756DE9008EF36D /* Item+CoreDataClass.swift */; };
		84F46EE21F756DE9008EF36D /* Item+CoreDataProperties.swift in Sources */ = {isa = PBXBuildFile; fileRef = 84F46EE01F756DE9008EF36D /* Item+CoreDataProperties.swift */; };
/* End PBXBuildFile section */

/* Begin PBXContainerItemProxy section */
		84B9A1051F731C9E00B1BA76 /* PBXContainerItemProxy */ = {
			isa = PBXContainerItemProxy;
			containerPortal = 84B9A0E51F731C9E00B1BA76 /* Project object */;
			proxyType = 1;
			remoteGlobalIDString = 84B9A0EC1F731C9E00B1BA76;
			remoteInfo = ToDoList;
		};
		84B9A1101F731C9F00B1BA76 /* PBXContainerItemProxy */ = {
			isa = PBXContainerItemProxy;
			containerPortal = 84B9A0E51F731C9E00B1BA76 /* Project object */;
			proxyType = 1;
			remoteGlobalIDString = 84B9A0EC1F731C9E00B1BA76;
			remoteInfo = ToDoList;
		};
/* End PBXContainerItemProxy section */

/* Begin PBXFileReference section */
		84044E581F771D8A0017A839 /* DetailViewController.swift */ = {isa = PBXFileReference; fileEncoding = 4; lastKnownFileType = sourcecode.swift; path = DetailViewController.swift; sourceTree = "<group>"; };
		84044E5A1F7729890017A839 /* DataSource.swift */ = {isa = PBXFileReference; fileEncoding = 4; lastKnownFileType = sourcecode.swift; path = DataSource.swift; sourceTree = "<group>"; };
		8436FE9B1F76B804006EB6AE /* ToDoFetchedResultsController.swift */ = {isa = PBXFileReference; fileEncoding = 4; lastKnownFileType = sourcecode.swift; path = ToDoFetchedResultsController.swift; sourceTree = "<group>"; };
		847D2FE31F732C1100978656 /* AddTaskController.swift */ = {isa = PBXFileReference; fileEncoding = 4; lastKnownFileType = sourcecode.swift; path = AddTaskController.swift; sourceTree = "<group>"; };
		84B9A0ED1F731C9E00B1BA76 /* ToDoList.app */ = {isa = PBXFileReference; explicitFileType = wrapper.application; includeInIndex = 0; path = ToDoList.app; sourceTree = BUILT_PRODUCTS_DIR; };
		84B9A0F01F731C9E00B1BA76 /* AppDelegate.swift */ = {isa = PBXFileReference; lastKnownFileType = sourcecode.swift; path = AppDelegate.swift; sourceTree = "<group>"; };
		84B9A0F51F731C9E00B1BA76 /* Base */ = {isa = PBXFileReference; lastKnownFileType = file.storyboard; name = Base; path = Base.lproj/Main.storyboard; sourceTree = "<group>"; };
		84B9A0F81F731C9E00B1BA76 /* ToDoList.xcdatamodel */ = {isa = PBXFileReference; lastKnownFileType = wrapper.xcdatamodel; path = ToDoList.xcdatamodel; sourceTree = "<group>"; };
		84B9A0FA1F731C9E00B1BA76 /* Assets.xcassets */ = {isa = PBXFileReference; lastKnownFileType = folder.assetcatalog; path = Assets.xcassets; sourceTree = "<group>"; };
		84B9A0FD1F731C9E00B1BA76 /* Base */ = {isa = PBXFileReference; lastKnownFileType = file.storyboard; name = Base; path = Base.lproj/LaunchScreen.storyboard; sourceTree = "<group>"; };
		84B9A0FF1F731C9E00B1BA76 /* Info.plist */ = {isa = PBXFileReference; lastKnownFileType = text.plist.xml; path = Info.plist; sourceTree = "<group>"; };
		84B9A1041F731C9E00B1BA76 /* ToDoListTests.xctest */ = {isa = PBXFileReference; explicitFileType = wrapper.cfbundle; includeInIndex = 0; path = ToDoListTests.xctest; sourceTree = BUILT_PRODUCTS_DIR; };
		84B9A1081F731C9E00B1BA76 /* ToDoListTests.swift */ = {isa = PBXFileReference; lastKnownFileType = sourcecode.swift; path = ToDoListTests.swift; sourceTree = "<group>"; };
		84B9A10A1F731C9E00B1BA76 /* Info.plist */ = {isa = PBXFileReference; lastKnownFileType = text.plist.xml; path = Info.plist; sourceTree = "<group>"; };
		84B9A10F1F731C9F00B1BA76 /* ToDoListUITests.xctest */ = {isa = PBXFileReference; explicitFileType = wrapper.cfbundle; includeInIndex = 0; path = ToDoListUITests.xctest; sourceTree = BUILT_PRODUCTS_DIR; };
		84B9A1131F731C9F00B1BA76 /* ToDoListUITests.swift */ = {isa = PBXFileReference; lastKnownFileType = sourcecode.swift; path = ToDoListUITests.swift; sourceTree = "<group>"; };
		84B9A1151F731C9F00B1BA76 /* Info.plist */ = {isa = PBXFileReference; lastKnownFileType = text.plist.xml; path = Info.plist; sourceTree = "<group>"; };
		84B9A1241F731D2200B1BA76 /* CoreDataStack.swift */ = {isa = PBXFileReference; fileEncoding = 4; lastKnownFileType = sourcecode.swift; path = CoreDataStack.swift; sourceTree = "<group>"; };
		84B9A1261F731F1300B1BA76 /* ToDoListController.swift */ = {isa = PBXFileReference; fileEncoding = 4; lastKnownFileType = sourcecode.swift; path = ToDoListController.swift; sourceTree = "<group>"; };
		84F46EDF1F756DE9008EF36D /* Item+CoreDataClass.swift */ = {isa = PBXFileReference; fileEncoding = 4; lastKnownFileType = sourcecode.swift; name = "Item+CoreDataClass.swift"; path = "../Item+CoreDataClass.swift"; sourceTree = "<group>"; };
		84F46EE01F756DE9008EF36D /* Item+CoreDataProperties.swift */ = {isa = PBXFileReference; fileEncoding = 4; lastKnownFileType = sourcecode.swift; name = "Item+CoreDataProperties.swift"; path = "../Item+CoreDataProperties.swift"; sourceTree = "<group>"; };
/* End PBXFileReference section */

/* Begin PBXFrameworksBuildPhase section */
		84B9A0EA1F731C9E00B1BA76 /* Frameworks */ = {
			isa = PBXFrameworksBuildPhase;
			buildActionMask = 2147483647;
			files = (
			);
			runOnlyForDeploymentPostprocessing = 0;
		};
		84B9A1011F731C9E00B1BA76 /* Frameworks */ = {
			isa = PBXFrameworksBuildPhase;
			buildActionMask = 2147483647;
			files = (
			);
			runOnlyForDeploymentPostprocessing = 0;
		};
		84B9A10C1F731C9F00B1BA76 /* Frameworks */ = {
			isa = PBXFrameworksBuildPhase;
			buildActionMask = 2147483647;
			files = (
			);
			runOnlyForDeploymentPostprocessing = 0;
		};
/* End PBXFrameworksBuildPhase section */

/* Begin PBXGroup section */
		84B9A0E41F731C9E00B1BA76 = {
			isa = PBXGroup;
			children = (
				84B9A0EF1F731C9E00B1BA76 /* ToDoList */,
				84B9A1071F731C9E00B1BA76 /* ToDoListTests */,
				84B9A1121F731C9F00B1BA76 /* ToDoListUITests */,
				84B9A0EE1F731C9E00B1BA76 /* Products */,
			);
			sourceTree = "<group>";
		};
		84B9A0EE1F731C9E00B1BA76 /* Products */ = {
			isa = PBXGroup;
			children = (
				84B9A0ED1F731C9E00B1BA76 /* ToDoList.app */,
				84B9A1041F731C9E00B1BA76 /* ToDoListTests.xctest */,
				84B9A10F1F731C9F00B1BA76 /* ToDoListUITests.xctest */,
			);
			name = Products;
			sourceTree = "<group>";
		};
		84B9A0EF1F731C9E00B1BA76 /* ToDoList */ = {
			isa = PBXGroup;
			children = (
				84B9A0F01F731C9E00B1BA76 /* AppDelegate.swift */,
				84B9A1261F731F1300B1BA76 /* ToDoListController.swift */,
				84B9A0F41F731C9E00B1BA76 /* Main.storyboard */,
				84B9A0FA1F731C9E00B1BA76 /* Assets.xcassets */,
				84B9A0FC1F731C9E00B1BA76 /* LaunchScreen.storyboard */,
				84B9A0FF1F731C9E00B1BA76 /* Info.plist */,
				84B9A1241F731D2200B1BA76 /* CoreDataStack.swift */,
				84B9A0F71F731C9E00B1BA76 /* ToDoList.xcdatamodeld */,
				847D2FE31F732C1100978656 /* AddTaskController.swift */,
				84F46EDF1F756DE9008EF36D /* Item+CoreDataClass.swift */,
				84F46EE01F756DE9008EF36D /* Item+CoreDataProperties.swift */,
				8436FE9B1F76B804006EB6AE /* ToDoFetchedResultsController.swift */,
				84044E581F771D8A0017A839 /* DetailViewController.swift */,
				84044E5A1F7729890017A839 /* DataSource.swift */,
			);
			path = ToDoList;
			sourceTree = "<group>";
		};
		84B9A1071F731C9E00B1BA76 /* ToDoListTests */ = {
			isa = PBXGroup;
			children = (
				84B9A1081F731C9E00B1BA76 /* ToDoListTests.swift */,
				84B9A10A1F731C9E00B1BA76 /* Info.plist */,
			);
			path = ToDoListTests;
			sourceTree = "<group>";
		};
		84B9A1121F731C9F00B1BA76 /* ToDoListUITests */ = {
			isa = PBXGroup;
			children = (
				84B9A1131F731C9F00B1BA76 /* ToDoListUITests.swift */,
				84B9A1151F731C9F00B1BA76 /* Info.plist */,
			);
			path = ToDoListUITests;
			sourceTree = "<group>";
		};
/* End PBXGroup section */

/* Begin PBXNativeTarget section */
		84B9A0EC1F731C9E00B1BA76 /* ToDoList */ = {
			isa = PBXNativeTarget;
			buildConfigurationList = 84B9A1181F731C9F00B1BA76 /* Build configuration list for PBXNativeTarget "ToDoList" */;
			buildPhases = (
				84B9A0E91F731C9E00B1BA76 /* Sources */,
				84B9A0EA1F731C9E00B1BA76 /* Frameworks */,
				84B9A0EB1F731C9E00B1BA76 /* Resources */,
			);
			buildRules = (
			);
			dependencies = (
			);
			name = ToDoList;
			productName = ToDoList;
			productReference = 84B9A0ED1F731C9E00B1BA76 /* ToDoList.app */;
			productType = "com.apple.product-type.application";
		};
		84B9A1031F731C9E00B1BA76 /* ToDoListTests */ = {
			isa = PBXNativeTarget;
			buildConfigurationList = 84B9A11B1F731C9F00B1BA76 /* Build configuration list for PBXNativeTarget "ToDoListTests" */;
			buildPhases = (
				84B9A1001F731C9E00B1BA76 /* Sources */,
				84B9A1011F731C9E00B1BA76 /* Frameworks */,
				84B9A1021F731C9E00B1BA76 /* Resources */,
			);
			buildRules = (
			);
			dependencies = (
				84B9A1061F731C9E00B1BA76 /* PBXTargetDependency */,
			);
			name = ToDoListTests;
			productName = ToDoListTests;
			productReference = 84B9A1041F731C9E00B1BA76 /* ToDoListTests.xctest */;
			productType = "com.apple.product-type.bundle.unit-test";
		};
		84B9A10E1F731C9F00B1BA76 /* ToDoListUITests */ = {
			isa = PBXNativeTarget;
			buildConfigurationList = 84B9A11E1F731C9F00B1BA76 /* Build configuration list for PBXNativeTarget "ToDoListUITests" */;
			buildPhases = (
				84B9A10B1F731C9F00B1BA76 /* Sources */,
				84B9A10C1F731C9F00B1BA76 /* Frameworks */,
				84B9A10D1F731C9F00B1BA76 /* Resources */,
			);
			buildRules = (
			);
			dependencies = (
				84B9A1111F731C9F00B1BA76 /* PBXTargetDependency */,
			);
			name = ToDoListUITests;
			productName = ToDoListUITests;
			productReference = 84B9A10F1F731C9F00B1BA76 /* ToDoListUITests.xctest */;
			productType = "com.apple.product-type.bundle.ui-testing";
		};
/* End PBXNativeTarget section */

/* Begin PBXProject section */
		84B9A0E51F731C9E00B1BA76 /* Project object */ = {
			isa = PBXProject;
			attributes = {
				LastSwiftUpdateCheck = 0830;
				LastUpgradeCheck = 0830;
				ORGANIZATIONNAME = "Brandon Mahoney";
				TargetAttributes = {
					84B9A0EC1F731C9E00B1BA76 = {
						CreatedOnToolsVersion = 8.3.3;
						DevelopmentTeam = B29P2M257D;
						ProvisioningStyle = Automatic;
					};
					84B9A1031F731C9E00B1BA76 = {
						CreatedOnToolsVersion = 8.3.3;
						DevelopmentTeam = B29P2M257D;
						ProvisioningStyle = Automatic;
						TestTargetID = 84B9A0EC1F731C9E00B1BA76;
					};
					84B9A10E1F731C9F00B1BA76 = {
						CreatedOnToolsVersion = 8.3.3;
						DevelopmentTeam = B29P2M257D;
						ProvisioningStyle = Automatic;
						TestTargetID = 84B9A0EC1F731C9E00B1BA76;
					};
				};
			};
			buildConfigurationList = 84B9A0E81F731C9E00B1BA76 /* Build configuration list for PBXProject "ToDoList" */;
			compatibilityVersion = "Xcode 3.2";
			developmentRegion = English;
			hasScannedForEncodings = 0;
			knownRegions = (
				en,
				Base,
			);
			mainGroup = 84B9A0E41F731C9E00B1BA76;
			productRefGroup = 84B9A0EE1F731C9E00B1BA76 /* Products */;
			projectDirPath = "";
			projectRoot = "";
			targets = (
				84B9A0EC1F731C9E00B1BA76 /* ToDoList */,
				84B9A1031F731C9E00B1BA76 /* ToDoListTests */,
				84B9A10E1F731C9F00B1BA76 /* ToDoListUITests */,
			);
		};
/* End PBXProject section */

/* Begin PBXResourcesBuildPhase section */
		84B9A0EB1F731C9E00B1BA76 /* Resources */ = {
			isa = PBXResourcesBuildPhase;
			buildActionMask = 2147483647;
			files = (
				84B9A0FE1F731C9E00B1BA76 /* LaunchScreen.storyboard in Resources */,
				84B9A0FB1F731C9E00B1BA76 /* Assets.xcassets in Resources */,
				84B9A0F61F731C9E00B1BA76 /* Main.storyboard in Resources */,
			);
			runOnlyForDeploymentPostprocessing = 0;
		};
		84B9A1021F731C9E00B1BA76 /* Resources */ = {
			isa = PBXResourcesBuildPhase;
			buildActionMask = 2147483647;
			files = (
			);
			runOnlyForDeploymentPostprocessing = 0;
		};
		84B9A10D1F731C9F00B1BA76 /* Resources */ = {
			isa = PBXResourcesBuildPhase;
			buildActionMask = 2147483647;
			files = (
			);
			runOnlyForDeploymentPostprocessing = 0;
		};
/* End PBXResourcesBuildPhase section */

/* Begin PBXSourcesBuildPhase section */
		84B9A0E91F731C9E00B1BA76 /* Sources */ = {
			isa = PBXSourcesBuildPhase;
			buildActionMask = 2147483647;
			files = (
				84044E591F771D8A0017A839 /* DetailViewController.swift in Sources */,
				84F46EE21F756DE9008EF36D /* Item+CoreDataProperties.swift in Sources */,
				84F46EE11F756DE9008EF36D /* Item+CoreDataClass.swift in Sources */,
				84B9A1271F731F1300B1BA76 /* ToDoListController.swift in Sources */,
				847D2FE41F732C1100978656 /* AddTaskController.swift in Sources */,
				8436FE9C1F76B804006EB6AE /* ToDoFetchedResultsController.swift in Sources */,
				84B9A0F91F731C9E00B1BA76 /* ToDoList.xcdatamodeld in Sources */,
				84B9A0F11F731C9E00B1BA76 /* AppDelegate.swift in Sources */,
				84044E5B1F7729890017A839 /* DataSource.swift in Sources */,
				84B9A1251F731D2200B1BA76 /* CoreDataStack.swift in Sources */,
			);
			runOnlyForDeploymentPostprocessing = 0;
		};
		84B9A1001F731C9E00B1BA76 /* Sources */ = {
			isa = PBXSourcesBuildPhase;
			buildActionMask = 2147483647;
			files = (
				84B9A1091F731C9E00B1BA76 /* ToDoListTests.swift in Sources */,
			);
			runOnlyForDeploymentPostprocessing = 0;
		};
		84B9A10B1F731C9F00B1BA76 /* Sources */ = {
			isa = PBXSourcesBuildPhase;
			buildActionMask = 2147483647;
			files = (
				84B9A1141F731C9F00B1BA76 /* ToDoListUITests.swift in Sources */,
			);
			runOnlyForDeploymentPostprocessing = 0;
		};
/* End PBXSourcesBuildPhase section */

/* Begin PBXTargetDependency section */
		84B9A1061F731C9E00B1BA76 /* PBXTargetDependency */ = {
			isa = PBXTargetDependency;
			target = 84B9A0EC1F731C9E00B1BA76 /* ToDoList */;
			targetProxy = 84B9A1051F731C9E00B1BA76 /* PBXContainerItemProxy */;
		};
		84B9A1111F731C9F00B1BA76 /* PBXTargetDependency */ = {
			isa = PBXTargetDependency;
			target = 84B9A0EC1F731C9E00B1BA76 /* ToDoList */;
			targetProxy = 84B9A1101F731C9F00B1BA76 /* PBXContainerItemProxy */;
		};
/* End PBXTargetDependency section */

/* Begin PBXVariantGroup section */
		84B9A0F41F731C9E00B1BA76 /* Main.storyboard */ = {
			isa = PBXVariantGroup;
			children = (
				84B9A0F51F731C9E00B1BA76 /* Base */,
			);
			name = Main.storyboard;
			sourceTree = "<group>";
		};
		84B9A0FC1F731C9E00B1BA76 /* LaunchScreen.storyboard */ = {
			isa = PBXVariantGroup;
			children = (
				84B9A0FD1F731C9E00B1BA76 /* Base */,
			);
			name = LaunchScreen.storyboard;
			sourceTree = "<group>";
		};
/* End PBXVariantGroup section */

/* Begin XCBuildConfiguration section */
		84B9A1161F731C9F00B1BA76 /* Debug */ = {
			isa = XCBuildConfiguration;
			buildSettings = {
				ALWAYS_SEARCH_USER_PATHS = NO;
				CLANG_ANALYZER_NONNULL = YES;
				CLANG_ANALYZER_NUMBER_OBJECT_CONVERSION = YES_AGGRESSIVE;
				CLANG_CXX_LANGUAGE_STANDARD = "gnu++0x";
				CLANG_CXX_LIBRARY = "libc++";
				CLANG_ENABLE_MODULES = YES;
				CLANG_ENABLE_OBJC_ARC = YES;
				CLANG_WARN_BOOL_CONVERSION = YES;
				CLANG_WARN_CONSTANT_CONVERSION = YES;
				CLANG_WARN_DIRECT_OBJC_ISA_USAGE = YES_ERROR;
				CLANG_WARN_DOCUMENTATION_COMMENTS = YES;
				CLANG_WARN_EMPTY_BODY = YES;
				CLANG_WARN_ENUM_CONVERSION = YES;
				CLANG_WARN_INFINITE_RECURSION = YES;
				CLANG_WARN_INT_CONVERSION = YES;
				CLANG_WARN_OBJC_ROOT_CLASS = YES_ERROR;
				CLANG_WARN_SUSPICIOUS_MOVE = YES;
				CLANG_WARN_UNREACHABLE_CODE = YES;
				CLANG_WARN__DUPLICATE_METHOD_MATCH = YES;
				"CODE_SIGN_IDENTITY[sdk=iphoneos*]" = "iPhone Developer";
				COPY_PHASE_STRIP = NO;
				DEBUG_INFORMATION_FORMAT = dwarf;
				ENABLE_STRICT_OBJC_MSGSEND = YES;
				ENABLE_TESTABILITY = YES;
				GCC_C_LANGUAGE_STANDARD = gnu99;
				GCC_DYNAMIC_NO_PIC = NO;
				GCC_NO_COMMON_BLOCKS = YES;
				GCC_OPTIMIZATION_LEVEL = 0;
				GCC_PREPROCESSOR_DEFINITIONS = (
					"DEBUG=1",
					"$(inherited)",
				);
				GCC_WARN_64_TO_32_BIT_CONVERSION = YES;
				GCC_WARN_ABOUT_RETURN_TYPE = YES_ERROR;
				GCC_WARN_UNDECLARED_SELECTOR = YES;
				GCC_WARN_UNINITIALIZED_AUTOS = YES_AGGRESSIVE;
				GCC_WARN_UNUSED_FUNCTION = YES;
				GCC_WARN_UNUSED_VARIABLE = YES;
				IPHONEOS_DEPLOYMENT_TARGET = 10.3;
				MTL_ENABLE_DEBUG_INFO = YES;
				ONLY_ACTIVE_ARCH = YES;
				SDKROOT = iphoneos;
				SWIFT_ACTIVE_COMPILATION_CONDITIONS = DEBUG;
				SWIFT_OPTIMIZATION_LEVEL = "-Onone";
			};
			name = Debug;
		};
		84B9A1171F731C9F00B1BA76 /* Release */ = {
			isa = XCBuildConfiguration;
			buildSettings = {
				ALWAYS_SEARCH_USER_PATHS = NO;
				CLANG_ANALYZER_NONNULL = YES;
				CLANG_ANALYZER_NUMBER_OBJECT_CONVERSION = YES_AGGRESSIVE;
				CLANG_CXX_LANGUAGE_STANDARD = "gnu++0x";
				CLANG_CXX_LIBRARY = "libc++";
				CLANG_ENABLE_MODULES = YES;
				CLANG_ENABLE_OBJC_ARC = YES;
				CLANG_WARN_BOOL_CONVERSION = YES;
				CLANG_WARN_CONSTANT_CONVERSION = YES;
				CLANG_WARN_DIRECT_OBJC_ISA_USAGE = YES_ERROR;
				CLANG_WARN_DOCUMENTATION_COMMENTS = YES;
				CLANG_WARN_EMPTY_BODY = YES;
				CLANG_WARN_ENUM_CONVERSION = YES;
				CLANG_WARN_INFINITE_RECURSION = YES;
				CLANG_WARN_INT_CONVERSION = YES;
				CLANG_WARN_OBJC_ROOT_CLASS = YES_ERROR;
				CLANG_WARN_SUSPICIOUS_MOVE = YES;
				CLANG_WARN_UNREACHABLE_CODE = YES;
				CLANG_WARN__DUPLICATE_METHOD_MATCH = YES;
				"CODE_SIGN_IDENTITY[sdk=iphoneos*]" = "iPhone Developer";
				COPY_PHASE_STRIP = NO;
				DEBUG_INFORMATION_FORMAT = "dwarf-with-dsym";
				ENABLE_NS_ASSERTIONS = NO;
				ENABLE_STRICT_OBJC_MSGSEND = YES;
				GCC_C_LANGUAGE_STANDARD = gnu99;
				GCC_NO_COMMON_BLOCKS = YES;
				GCC_WARN_64_TO_32_BIT_CONVERSION = YES;
				GCC_WARN_ABOUT_RETURN_TYPE = YES_ERROR;
				GCC_WARN_UNDECLARED_SELECTOR = YES;
				GCC_WARN_UNINITIALIZED_AUTOS = YES_AGGRESSIVE;
				GCC_WARN_UNUSED_FUNCTION = YES;
				GCC_WARN_UNUSED_VARIABLE = YES;
				IPHONEOS_DEPLOYMENT_TARGET = 10.3;
				MTL_ENABLE_DEBUG_INFO = NO;
				SDKROOT = iphoneos;
				SWIFT_OPTIMIZATION_LEVEL = "-Owholemodule";
				VALIDATE_PRODUCT = YES;
			};
			name = Release;
		};
		84B9A1191F731C9F00B1BA76 /* Debug */ = {
			isa = XCBuildConfiguration;
			buildSettings = {
				ASSETCATALOG_COMPILER_APPICON_NAME = AppIcon;
				DEVELOPMENT_TEAM = B29P2M257D;
				INFOPLIST_FILE = ToDoList/Info.plist;
				LD_RUNPATH_SEARCH_PATHS = "$(inherited) @executable_path/Frameworks";
				PRODUCT_BUNDLE_IDENTIFIER = tech.brandonmahoney.ToDoList;
				PRODUCT_NAME = "$(TARGET_NAME)";
				SWIFT_VERSION = 3.0;
			};
			name = Debug;
		};
		84B9A11A1F731C9F00B1BA76 /* Release */ = {
			isa = XCBuildConfiguration;
			buildSettings = {
				ASSETCATALOG_COMPILER_APPICON_NAME = AppIcon;
				DEVELOPMENT_TEAM = B29P2M257D;
				INFOPLIST_FILE = ToDoList/Info.plist;
				LD_RUNPATH_SEARCH_PATHS = "$(inherited) @executable_path/Frameworks";
				PRODUCT_BUNDLE_IDENTIFIER = tech.brandonmahoney.ToDoList;
				PRODUCT_NAME = "$(TARGET_NAME)";
				SWIFT_VERSION = 3.0;
			};
			name = Release;
		};
		84B9A11C1F731C9F00B1BA76 /* Debug */ = {
			isa = XCBuildConfiguration;
			buildSettings = {
				ALWAYS_EMBED_SWIFT_STANDARD_LIBRARIES = YES;
				BUNDLE_LOADER = "$(TEST_HOST)";
				DEVELOPMENT_TEAM = B29P2M257D;
				INFOPLIST_FILE = ToDoListTests/Info.plist;
				LD_RUNPATH_SEARCH_PATHS = "$(inherited) @executable_path/Frameworks @loader_path/Frameworks";
				PRODUCT_BUNDLE_IDENTIFIER = tech.brandonmahoney.ToDoListTests;
				PRODUCT_NAME = "$(TARGET_NAME)";
				SWIFT_VERSION = 3.0;
				TEST_HOST = "$(BUILT_PRODUCTS_DIR)/ToDoList.app/ToDoList";
			};
			name = Debug;
		};
		84B9A11D1F731C9F00B1BA76 /* Release */ = {
			isa = XCBuildConfiguration;
			buildSettings = {
				ALWAYS_EMBED_SWIFT_STANDARD_LIBRARIES = YES;
				BUNDLE_LOADER = "$(TEST_HOST)";
				DEVELOPMENT_TEAM = B29P2M257D;
				INFOPLIST_FILE = ToDoListTests/Info.plist;
				LD_RUNPATH_SEARCH_PATHS = "$(inherited) @executable_path/Frameworks @loader_path/Frameworks";
				PRODUCT_BUNDLE_IDENTIFIER = tech.brandonmahoney.ToDoListTests;
				PRODUCT_NAME = "$(TARGET_NAME)";
				SWIFT_VERSION = 3.0;
				TEST_HOST = "$(BUILT_PRODUCTS_DIR)/ToDoList.app/ToDoList";
			};
			name = Release;
		};
		84B9A11F1F731C9F00B1BA76 /* Debug */ = {
			isa = XCBuildConfiguration;
			buildSettings = {
				ALWAYS_EMBED_SWIFT_STANDARD_LIBRARIES = YES;
				DEVELOPMENT_TEAM = B29P2M257D;
				INFOPLIST_FILE = ToDoListUITests/Info.plist;
				LD_RUNPATH_SEARCH_PATHS = "$(inherited) @executable_path/Frameworks @loader_path/Frameworks";
				PRODUCT_BUNDLE_IDENTIFIER = tech.brandonmahoney.ToDoListUITests;
				PRODUCT_NAME = "$(TARGET_NAME)";
				SWIFT_VERSION = 3.0;
				TEST_TARGET_NAME = ToDoList;
			};
			name = Debug;
		};
		84B9A1201F731C9F00B1BA76 /* Release */ = {
			isa = XCBuildConfiguration;
			buildSettings = {
				ALWAYS_EMBED_SWIFT_STANDARD_LIBRARIES = YES;
				DEVELOPMENT_TEAM = B29P2M257D;
				INFOPLIST_FILE = ToDoListUITests/Info.plist;
				LD_RUNPATH_SEARCH_PATHS = "$(inherited) @executable_path/Frameworks @loader_path/Frameworks";
				PRODUCT_BUNDLE_IDENTIFIER = tech.brandonmahoney.ToDoListUITests;
				PRODUCT_NAME = "$(TARGET_NAME)";
				SWIFT_VERSION = 3.0;
				TEST_TARGET_NAME = ToDoList;
			};
			name = Release;
		};
/* End XCBuildConfiguration section */

/* Begin XCConfigurationList section */
		84B9A0E81F731C9E00B1BA76 /* Build configuration list for PBXProject "ToDoList" */ = {
			isa = XCConfigurationList;
			buildConfigurations = (
				84B9A1161F731C9F00B1BA76 /* Debug */,
				84B9A1171F731C9F00B1BA76 /* Release */,
			);
			defaultConfigurationIsVisible = 0;
			defaultConfigurationName = Release;
		};
		84B9A1181F731C9F00B1BA76 /* Build configuration list for PBXNativeTarget "ToDoList" */ = {
			isa = XCConfigurationList;
			buildConfigurations = (
				84B9A1191F731C9F00B1BA76 /* Debug */,
				84B9A11A1F731C9F00B1BA76 /* Release */,
			);
			defaultConfigurationIsVisible = 0;
			defaultConfigurationName = Release;
		};
		84B9A11B1F731C9F00B1BA76 /* Build configuration list for PBXNativeTarget "ToDoListTests" */ = {
			isa = XCConfigurationList;
			buildConfigurations = (
				84B9A11C1F731C9F00B1BA76 /* Debug */,
				84B9A11D1F731C9F00B1BA76 /* Release */,
			);
			defaultConfigurationIsVisible = 0;
			defaultConfigurationName = Release;
		};
		84B9A11E1F731C9F00B1BA76 /* Build configuration list for PBXNativeTarget "ToDoListUITests" */ = {
			isa = XCConfigurationList;
			buildConfigurations = (
				84B9A11F1F731C9F00B1BA76 /* Debug */,
				84B9A1201F731C9F00B1BA76 /* Release */,
			);
			defaultConfigurationIsVisible = 0;
			defaultConfigurationName = Release;
		};
/* End XCConfigurationList section */

/* Begin XCVersionGroup section */
		84B9A0F71F731C9E00B1BA76 /* ToDoList.xcdatamodeld */ = {
			isa = XCVersionGroup;
			children = (
				84B9A0F81F731C9E00B1BA76 /* ToDoList.xcdatamodel */,
			);
			currentVersion = 84B9A0F81F731C9E00B1BA76 /* ToDoList.xcdatamodel */;
			path = ToDoList.xcdatamodeld;
			sourceTree = "<group>";
			versionGroupType = wrapper.xcdatamodel;
		};
/* End XCVersionGroup section */
	};
	rootObject = 84B9A0E51F731C9E00B1BA76 /* Project object */;
}
